// !$*UTF8*$!
{
	archiveVersion = 1;
	classes = {
	};
	objectVersion = 56;
	objects = {

/* Begin PBXBuildFile section */
		23153C2C29925C3300C4C34F /* AppDelegate.swift in Sources */ = {isa = PBXBuildFile; fileRef = 23153C2B29925C3300C4C34F /* AppDelegate.swift */; };
		23153C2E29925C3300C4C34F /* SceneDelegate.swift in Sources */ = {isa = PBXBuildFile; fileRef = 23153C2D29925C3300C4C34F /* SceneDelegate.swift */; };
		23153C3029925C3300C4C34F /* ViewController.swift in Sources */ = {isa = PBXBuildFile; fileRef = 23153C2F29925C3300C4C34F /* ViewController.swift */; };
		23153C3329925C3300C4C34F /* Main.storyboard in Resources */ = {isa = PBXBuildFile; fileRef = 23153C3129925C3300C4C34F /* Main.storyboard */; };
		23153C3529925C3400C4C34F /* Assets.xcassets in Resources */ = {isa = PBXBuildFile; fileRef = 23153C3429925C3400C4C34F /* Assets.xcassets */; };
		23153C3829925C3400C4C34F /* LaunchScreen.storyboard in Resources */ = {isa = PBXBuildFile; fileRef = 23153C3629925C3400C4C34F /* LaunchScreen.storyboard */; };
		23153C4029925C6C00C4C34F /* Model.swift in Sources */ = {isa = PBXBuildFile; fileRef = 23153C3F29925C6C00C4C34F /* Model.swift */; };
		23153C4229925C9700C4C34F /* ViewModel.swift in Sources */ = {isa = PBXBuildFile; fileRef = 23153C4129925C9700C4C34F /* ViewModel.swift */; };
		23153C452992666E00C4C34F /* CollectionViewCell.swift in Sources */ = {isa = PBXBuildFile; fileRef = 23153C432992666E00C4C34F /* CollectionViewCell.swift */; };
		23153C462992666E00C4C34F /* CollectionViewCell.xib in Resources */ = {isa = PBXBuildFile; fileRef = 23153C442992666E00C4C34F /* CollectionViewCell.xib */; };
/* End PBXBuildFile section */

/* Begin PBXFileReference section */
		23153C2829925C3300C4C34F /* PublicAPI.app */ = {isa = PBXFileReference; explicitFileType = wrapper.application; includeInIndex = 0; path = PublicAPI.app; sourceTree = BUILT_PRODUCTS_DIR; };
		23153C2B29925C3300C4C34F /* AppDelegate.swift */ = {isa = PBXFileReference; lastKnownFileType = sourcecode.swift; path = AppDelegate.swift; sourceTree = "<group>"; };
		23153C2D29925C3300C4C34F /* SceneDelegate.swift */ = {isa = PBXFileReference; lastKnownFileType = sourcecode.swift; path = SceneDelegate.swift; sourceTree = "<group>"; };
		23153C2F29925C3300C4C34F /* ViewController.swift */ = {isa = PBXFileReference; lastKnownFileType = sourcecode.swift; path = ViewController.swift; sourceTree = "<group>"; };
		23153C3229925C3300C4C34F /* Base */ = {isa = PBXFileReference; lastKnownFileType = file.storyboard; name = Base; path = Base.lproj/Main.storyboard; sourceTree = "<group>"; };
		23153C3429925C3400C4C34F /* Assets.xcassets */ = {isa = PBXFileReference; lastKnownFileType = folder.assetcatalog; path = Assets.xcassets; sourceTree = "<group>"; };
		23153C3729925C3400C4C34F /* Base */ = {isa = PBXFileReference; lastKnownFileType = file.storyboard; name = Base; path = Base.lproj/LaunchScreen.storyboard; sourceTree = "<group>"; };
		23153C3929925C3400C4C34F /* Info.plist */ = {isa = PBXFileReference; lastKnownFileType = text.plist.xml; path = Info.plist; sourceTree = "<group>"; };
		23153C3F29925C6C00C4C34F /* Model.swift */ = {isa = PBXFileReference; lastKnownFileType = sourcecode.swift; path = Model.swift; sourceTree = "<group>"; };
		23153C4129925C9700C4C34F /* ViewModel.swift */ = {isa = PBXFileReference; lastKnownFileType = sourcecode.swift; path = ViewModel.swift; sourceTree = "<group>"; };
		23153C432992666E00C4C34F /* CollectionViewCell.swift */ = {isa = PBXFileReference; lastKnownFileType = sourcecode.swift; path = CollectionViewCell.swift; sourceTree = "<group>"; };
		23153C442992666E00C4C34F /* CollectionViewCell.xib */ = {isa = PBXFileReference; lastKnownFileType = file.xib; path = CollectionViewCell.xib; sourceTree = "<group>"; };
/* End PBXFileReference section */

/* Begin PBXFrameworksBuildPhase section */
		23153C2529925C3300C4C34F /* Frameworks */ = {
			isa = PBXFrameworksBuildPhase;
			buildActionMask = 2147483647;
			files = (
			);
			runOnlyForDeploymentPostprocessing = 0;
		};
/* End PBXFrameworksBuildPhase section */

/* Begin PBXGroup section */
		23153C1F29925C3300C4C34F = {
			isa = PBXGroup;
			children = (
				23153C2A29925C3300C4C34F /* PublicAPI */,
				23153C2929925C3300C4C34F /* Products */,
			);
			sourceTree = "<group>";
		};
		23153C2929925C3300C4C34F /* Products */ = {
			isa = PBXGroup;
			children = (
				23153C2829925C3300C4C34F /* PublicAPI.app */,
			);
			name = Products;
			sourceTree = "<group>";
		};
		23153C2A29925C3300C4C34F /* PublicAPI */ = {
			isa = PBXGroup;
			children = (
				23153C3929925C3400C4C34F /* Info.plist */,
				23153C3429925C3400C4C34F /* Assets.xcassets */,
				23153C3629925C3400C4C34F /* LaunchScreen.storyboard */,
				23153C2B29925C3300C4C34F /* AppDelegate.swift */,
				23153C2D29925C3300C4C34F /* SceneDelegate.swift */,
				23153C4D2992FFA700C4C34F /* Model */,
				23153C4B2992FF8D00C4C34F /* View */,
				23153C4E2992FFB100C4C34F /* ViewModel */,
			);
			path = PublicAPI;
			sourceTree = "<group>";
		};
		23153C4B2992FF8D00C4C34F /* View */ = {
			isa = PBXGroup;
			children = (
				23153C3129925C3300C4C34F /* Main.storyboard */,
				23153C2F29925C3300C4C34F /* ViewController.swift */,
				23153C4C2992FF9600C4C34F /* cell */,
			);
			path = View;
			sourceTree = "<group>";
		};
		23153C4C2992FF9600C4C34F /* cell */ = {
			isa = PBXGroup;
			children = (
				23153C432992666E00C4C34F /* CollectionViewCell.swift */,
				23153C442992666E00C4C34F /* CollectionViewCell.xib */,
			);
			path = cell;
			sourceTree = "<group>";
		};
		23153C4D2992FFA700C4C34F /* Model */ = {
			isa = PBXGroup;
			children = (
				23153C3F29925C6C00C4C34F /* Model.swift */,
			);
			path = Model;
			sourceTree = "<group>";
		};
		23153C4E2992FFB100C4C34F /* ViewModel */ = {
			isa = PBXGroup;
			children = (
				23153C4129925C9700C4C34F /* ViewModel.swift */,
			);
			path = ViewModel;
			sourceTree = "<group>";
		};
/* End PBXGroup section */

/* Begin PBXNativeTarget section */
		23153C2729925C3300C4C34F /* PublicAPI */ = {
			isa = PBXNativeTarget;
			buildConfigurationList = 23153C3C29925C3400C4C34F /* Build configuration list for PBXNativeTarget "PublicAPI" */;
			buildPhases = (
				23153C2429925C3300C4C34F /* Sources */,
				23153C2529925C3300C4C34F /* Frameworks */,
				23153C2629925C3300C4C34F /* Resources */,
			);
			buildRules = (
			);
			dependencies = (
			);
			name = PublicAPI;
			productName = PublicAPI;
			productReference = 23153C2829925C3300C4C34F /* PublicAPI.app */;
			productType = "com.apple.product-type.application";
		};
/* End PBXNativeTarget section */

/* Begin PBXProject section */
		23153C2029925C3300C4C34F /* Project object */ = {
			isa = PBXProject;
			attributes = {
				BuildIndependentTargetsInParallel = 1;
				LastSwiftUpdateCheck = 1400;
				LastUpgradeCheck = 1400;
				TargetAttributes = {
					23153C2729925C3300C4C34F = {
						CreatedOnToolsVersion = 14.0.1;
					};
				};
			};
			buildConfigurationList = 23153C2329925C3300C4C34F /* Build configuration list for PBXProject "PublicAPI" */;
			compatibilityVersion = "Xcode 14.0";
			developmentRegion = en;
			hasScannedForEncodings = 0;
			knownRegions = (
				en,
				Base,
			);
			mainGroup = 23153C1F29925C3300C4C34F;
			productRefGroup = 23153C2929925C3300C4C34F /* Products */;
			projectDirPath = "";
			projectRoot = "";
			targets = (
				23153C2729925C3300C4C34F /* PublicAPI */,
			);
		};
/* End PBXProject section */

/* Begin PBXResourcesBuildPhase section */
		23153C2629925C3300C4C34F /* Resources */ = {
			isa = PBXResourcesBuildPhase;
			buildActionMask = 2147483647;
			files = (
				23153C3829925C3400C4C34F /* LaunchScreen.storyboard in Resources */,
				23153C3529925C3400C4C34F /* Assets.xcassets in Resources */,
				23153C462992666E00C4C34F /* CollectionViewCell.xib in Resources */,
				23153C3329925C3300C4C34F /* Main.storyboard in Resources */,
			);
			runOnlyForDeploymentPostprocessing = 0;
		};
/* End PBXResourcesBuildPhase section */

/* Begin PBXSourcesBuildPhase section */
		23153C2429925C3300C4C34F /* Sources */ = {
			isa = PBXSourcesBuildPhase;
			buildActionMask = 2147483647;
			files = (
				23153C4229925C9700C4C34F /* ViewModel.swift in Sources */,
				23153C3029925C3300C4C34F /* ViewController.swift in Sources */,
				23153C452992666E00C4C34F /* CollectionViewCell.swift in Sources */,
				23153C2C29925C3300C4C34F /* AppDelegate.swift in Sources */,
				23153C2E29925C3300C4C34F /* SceneDelegate.swift in Sources */,
				23153C4029925C6C00C4C34F /* Model.swift in Sources */,
			);
			runOnlyForDeploymentPostprocessing = 0;
		};
/* End PBXSourcesBuildPhase section */

/* Begin PBXVariantGroup section */
		23153C3129925C3300C4C34F /* Main.storyboard */ = {
			isa = PBXVariantGroup;
			children = (
				23153C3229925C3300C4C34F /* Base */,
			);
			name = Main.storyboard;
			sourceTree = "<group>";
		};
		23153C3629925C3400C4C34F /* LaunchScreen.storyboard */ = {
			isa = PBXVariantGroup;
			children = (
				23153C3729925C3400C4C34F /* Base */,
			);
			name = LaunchScreen.storyboard;
			sourceTree = "<group>";
		};
/* End PBXVariantGroup section */

/* Begin XCBuildConfiguration section */
		23153C3A29925C3400C4C34F /* Debug */ = {
			isa = XCBuildConfiguration;
			buildSettings = {
				ALWAYS_SEARCH_USER_PATHS = NO;
				CLANG_ANALYZER_NONNULL = YES;
				CLANG_ANALYZER_NUMBER_OBJECT_CONVERSION = YES_AGGRESSIVE;
				CLANG_CXX_LANGUAGE_STANDARD = "gnu++20";
				CLANG_ENABLE_MODULES = YES;
				CLANG_ENABLE_OBJC_ARC = YES;
				CLANG_ENABLE_OBJC_WEAK = YES;
				CLANG_WARN_BLOCK_CAPTURE_AUTORELEASING = YES;
				CLANG_WARN_BOOL_CONVERSION = YES;
				CLANG_WARN_COMMA = YES;
				CLANG_WARN_CONSTANT_CONVERSION = YES;
				CLANG_WARN_DEPRECATED_OBJC_IMPLEMENTATIONS = YES;
				CLANG_WARN_DIRECT_OBJC_ISA_USAGE = YES_ERROR;
				CLANG_WARN_DOCUMENTATION_COMMENTS = YES;
				CLANG_WARN_EMPTY_BODY = YES;
				CLANG_WARN_ENUM_CONVERSION = YES;
				CLANG_WARN_INFINITE_RECURSION = YES;
				CLANG_WARN_INT_CONVERSION = YES;
				CLANG_WARN_NON_LITERAL_NULL_CONVERSION = YES;
				CLANG_WARN_OBJC_IMPLICIT_RETAIN_SELF = YES;
				CLANG_WARN_OBJC_LITERAL_CONVERSION = YES;
				CLANG_WARN_OBJC_ROOT_CLASS = YES_ERROR;
				CLANG_WARN_QUOTED_INCLUDE_IN_FRAMEWORK_HEADER = YES;
				CLANG_WARN_RANGE_LOOP_ANALYSIS = YES;
				CLANG_WARN_STRICT_PROTOTYPES = YES;
				CLANG_WARN_SUSPICIOUS_MOVE = YES;
				CLANG_WARN_UNGUARDED_AVAILABILITY = YES_AGGRESSIVE;
				CLANG_WARN_UNREACHABLE_CODE = YES;
				CLANG_WARN__DUPLICATE_METHOD_MATCH = YES;
				COPY_PHASE_STRIP = NO;
				DEBUG_INFORMATION_FORMAT = dwarf;
				ENABLE_STRICT_OBJC_MSGSEND = YES;
				ENABLE_TESTABILITY = YES;
				GCC_C_LANGUAGE_STANDARD = gnu11;
				GCC_DYNAMIC_NO_PIC = NO;
				GCC_NO_COMMON_BLOCKS = YES;
				GCC_OPTIMIZATION_LEVEL = 0;
				GCC_PREPROCESSOR_DEFINITIONS = (
					"DEBUG=1",
					"$(inherited)",
				);
				GCC_WARN_64_TO_32_BIT_CONVERSION = YES;
				GCC_WARN_ABOUT_RETURN_TYPE = YES_ERROR;
				GCC_WARN_UNDECLARED_SELECTOR = YES;
				GCC_WARN_UNINITIALIZED_AUTOS = YES_AGGRESSIVE;
				GCC_WARN_UNUSED_FUNCTION = YES;
				GCC_WARN_UNUSED_VARIABLE = YES;
				IPHONEOS_DEPLOYMENT_TARGET = 16.0;
				MTL_ENABLE_DEBUG_INFO = INCLUDE_SOURCE;
				MTL_FAST_MATH = YES;
				ONLY_ACTIVE_ARCH = YES;
				SDKROOT = iphoneos;
				SWIFT_ACTIVE_COMPILATION_CONDITIONS = DEBUG;
				SWIFT_OPTIMIZATION_LEVEL = "-Onone";
			};
			name = Debug;
		};
		23153C3B29925C3400C4C34F /* Release */ = {
			isa = XCBuildConfiguration;
			buildSettings = {
				ALWAYS_SEARCH_USER_PATHS = NO;
				CLANG_ANALYZER_NONNULL = YES;
				CLANG_ANALYZER_NUMBER_OBJECT_CONVERSION = YES_AGGRESSIVE;
				CLANG_CXX_LANGUAGE_STANDARD = "gnu++20";
				CLANG_ENABLE_MODULES = YES;
				CLANG_ENABLE_OBJC_ARC = YES;
				CLANG_ENABLE_OBJC_WEAK = YES;
				CLANG_WARN_BLOCK_CAPTURE_AUTORELEASING = YES;
				CLANG_WARN_BOOL_CONVERSION = YES;
				CLANG_WARN_COMMA = YES;
				CLANG_WARN_CONSTANT_CONVERSION = YES;
				CLANG_WARN_DEPRECATED_OBJC_IMPLEMENTATIONS = YES;
				CLANG_WARN_DIRECT_OBJC_ISA_USAGE = YES_ERROR;
				CLANG_WARN_DOCUMENTATION_COMMENTS = YES;
				CLANG_WARN_EMPTY_BODY = YES;
				CLANG_WARN_ENUM_CONVERSION = YES;
				CLANG_WARN_INFINITE_RECURSION = YES;
				CLANG_WARN_INT_CONVERSION = YES;
				CLANG_WARN_NON_LITERAL_NULL_CONVERSION = YES;
				CLANG_WARN_OBJC_IMPLICIT_RETAIN_SELF = YES;
				CLANG_WARN_OBJC_LITERAL_CONVERSION = YES;
				CLANG_WARN_OBJC_ROOT_CLASS = YES_ERROR;
				CLANG_WARN_QUOTED_INCLUDE_IN_FRAMEWORK_HEADER = YES;
				CLANG_WARN_RANGE_LOOP_ANALYSIS = YES;
				CLANG_WARN_STRICT_PROTOTYPES = YES;
				CLANG_WARN_SUSPICIOUS_MOVE = YES;
				CLANG_WARN_UNGUARDED_AVAILABILITY = YES_AGGRESSIVE;
				CLANG_WARN_UNREACHABLE_CODE = YES;
				CLANG_WARN__DUPLICATE_METHOD_MATCH = YES;
				COPY_PHASE_STRIP = NO;
				DEBUG_INFORMATION_FORMAT = "dwarf-with-dsym";
				ENABLE_NS_ASSERTIONS = NO;
				ENABLE_STRICT_OBJC_MSGSEND = YES;
				GCC_C_LANGUAGE_STANDARD = gnu11;
				GCC_NO_COMMON_BLOCKS = YES;
				GCC_WARN_64_TO_32_BIT_CONVERSION = YES;
				GCC_WARN_ABOUT_RETURN_TYPE = YES_ERROR;
				GCC_WARN_UNDECLARED_SELECTOR = YES;
				GCC_WARN_UNINITIALIZED_AUTOS = YES_AGGRESSIVE;
				GCC_WARN_UNUSED_FUNCTION = YES;
				GCC_WARN_UNUSED_VARIABLE = YES;
				IPHONEOS_DEPLOYMENT_TARGET = 16.0;
				MTL_ENABLE_DEBUG_INFO = NO;
				MTL_FAST_MATH = YES;
				SDKROOT = iphoneos;
				SWIFT_COMPILATION_MODE = wholemodule;
				SWIFT_OPTIMIZATION_LEVEL = "-O";
				VALIDATE_PRODUCT = YES;
			};
			name = Release;
		};
		23153C3D29925C3400C4C34F /* Debug */ = {
			isa = XCBuildConfiguration;
			buildSettings = {
				ASSETCATALOG_COMPILER_APPICON_NAME = AppIcon;
				ASSETCATALOG_COMPILER_GLOBAL_ACCENT_COLOR_NAME = AccentColor;
				CODE_SIGN_STYLE = Automatic;
				CURRENT_PROJECT_VERSION = 1;
				DEVELOPMENT_TEAM = 98A2KZ4H43;
				GENERATE_INFOPLIST_FILE = YES;
				INFOPLIST_FILE = PublicAPI/Info.plist;
				INFOPLIST_KEY_UIApplicationSupportsIndirectInputEvents = YES;
				INFOPLIST_KEY_UILaunchStoryboardName = LaunchScreen;
				INFOPLIST_KEY_UIMainStoryboardFile = Main;
				INFOPLIST_KEY_UISupportedInterfaceOrientations_iPad = "UIInterfaceOrientationPortrait UIInterfaceOrientationPortraitUpsideDown UIInterfaceOrientationLandscapeLeft UIInterfaceOrientationLandscapeRight";
				INFOPLIST_KEY_UISupportedInterfaceOrientations_iPhone = "UIInterfaceOrientationPortrait UIInterfaceOrientationLandscapeLeft UIInterfaceOrientationLandscapeRight";
				LD_RUNPATH_SEARCH_PATHS = (
					"$(inherited)",
					"@executable_path/Frameworks",
				);
				MARKETING_VERSION = 1.0;
				PRODUCT_BUNDLE_IDENTIFIER = com.unsaloner.PublicAPI;
				PRODUCT_NAME = "$(TARGET_NAME)";
				SWIFT_EMIT_LOC_STRINGS = YES;
				SWIFT_VERSION = 5.0;
				TARGETED_DEVICE_FAMILY = "1,2";
			};
			name = Debug;
		};
		23153C3E29925C3400C4C34F /* Release */ = {
			isa = XCBuildConfiguration;
			buildSettings = {
				ASSETCATALOG_COMPILER_APPICON_NAME = AppIcon;
				ASSETCATALOG_COMPILER_GLOBAL_ACCENT_COLOR_NAME = AccentColor;
				CODE_SIGN_STYLE = Automatic;
				CURRENT_PROJECT_VERSION = 1;
				DEVELOPMENT_TEAM = 98A2KZ4H43;
				GENERATE_INFOPLIST_FILE = YES;
				INFOPLIST_FILE = PublicAPI/Info.plist;
				INFOPLIST_KEY_UIApplicationSupportsIndirectInputEvents = YES;
				INFOPLIST_KEY_UILaunchStoryboardName = LaunchScreen;
				INFOPLIST_KEY_UIMainStoryboardFile = Main;
				INFOPLIST_KEY_UISupportedInterfaceOrientations_iPad = "UIInterfaceOrientationPortrait UIInterfaceOrientationPortraitUpsideDown UIInterfaceOrientationLandscapeLeft UIInterfaceOrientationLandscapeRight";
				INFOPLIST_KEY_UISupportedInterfaceOrientations_iPhone = "UIInterfaceOrientationPortrait UIInterfaceOrientationLandscapeLeft UIInterfaceOrientationLandscapeRight";
				LD_RUNPATH_SEARCH_PATHS = (
					"$(inherited)",
					"@executable_path/Frameworks",
				);
				MARKETING_VERSION = 1.0;
				PRODUCT_BUNDLE_IDENTIFIER = com.unsaloner.PublicAPI;
				PRODUCT_NAME = "$(TARGET_NAME)";
				SWIFT_EMIT_LOC_STRINGS = YES;
				SWIFT_VERSION = 5.0;
				TARGETED_DEVICE_FAMILY = "1,2";
			};
			name = Release;
		};
/* End XCBuildConfiguration section */

/* Begin XCConfigurationList section */
		23153C2329925C3300C4C34F /* Build configuration list for PBXProject "PublicAPI" */ = {
			isa = XCConfigurationList;
			buildConfigurations = (
				23153C3A29925C3400C4C34F /* Debug */,
				23153C3B29925C3400C4C34F /* Release */,
			);
			defaultConfigurationIsVisible = 0;
			defaultConfigurationName = Release;
		};
		23153C3C29925C3400C4C34F /* Build configuration list for PBXNativeTarget "PublicAPI" */ = {
			isa = XCConfigurationList;
			buildConfigurations = (
				23153C3D29925C3400C4C34F /* Debug */,
				23153C3E29925C3400C4C34F /* Release */,
			);
			defaultConfigurationIsVisible = 0;
			defaultConfigurationName = Release;
		};
/* End XCConfigurationList section */
	};
	rootObject = 23153C2029925C3300C4C34F /* Project object */;
}
